// !$*UTF8*$!
{
	archiveVersion = 1;
	classes = {
	};
	objectVersion = 56;
	objects = {

/* Begin PBXBuildFile section */
		4532D6F82BBBFB7F00C6E4E4 /* CreateRequest.swift in Sources */ = {isa = PBXBuildFile; fileRef = 4532D6F72BBBFB7F00C6E4E4 /* CreateRequest.swift */; };
		45389A8C2BBFE37100A04F45 /* RequestList.swift in Sources */ = {isa = PBXBuildFile; fileRef = 45389A8B2BBFE37100A04F45 /* RequestList.swift */; };
		453AADA02BB81B1A00DC5024 /* KanbulansApp.swift in Sources */ = {isa = PBXBuildFile; fileRef = 453AAD9F2BB81B1A00DC5024 /* KanbulansApp.swift */; };
		453AADA42BB81B1C00DC5024 /* Assets.xcassets in Resources */ = {isa = PBXBuildFile; fileRef = 453AADA32BB81B1C00DC5024 /* Assets.xcassets */; };
		453AADA72BB81B1C00DC5024 /* Preview Assets.xcassets in Resources */ = {isa = PBXBuildFile; fileRef = 453AADA62BB81B1C00DC5024 /* Preview Assets.xcassets */; };
		453AADAE2BB81E0B00DC5024 /* OnBoardScreen.swift in Sources */ = {isa = PBXBuildFile; fileRef = 453AADAD2BB81E0B00DC5024 /* OnBoardScreen.swift */; };
		453AADB02BB81EA000DC5024 /* LaunchScreen.storyboard in Resources */ = {isa = PBXBuildFile; fileRef = 453AADAF2BB81EA000DC5024 /* LaunchScreen.storyboard */; };
		453AADB42BB835B700DC5024 /* Models.swift in Sources */ = {isa = PBXBuildFile; fileRef = 453AADB32BB835B700DC5024 /* Models.swift */; };
		453AADB62BB83E1C00DC5024 /* HomeScreen.swift in Sources */ = {isa = PBXBuildFile; fileRef = 453AADB52BB83E1C00DC5024 /* HomeScreen.swift */; };
		45A5350A2BD696580095E5C8 /* DonateInfo.swift in Sources */ = {isa = PBXBuildFile; fileRef = 45A535092BD696580095E5C8 /* DonateInfo.swift */; };
		45DF621B2BC3FAB300BCF0F9 /* FirebaseDatabase in Frameworks */ = {isa = PBXBuildFile; productRef = 45DF621A2BC3FAB300BCF0F9 /* FirebaseDatabase */; };
		45DF621D2BC3FAB300BCF0F9 /* FirebaseFirestore in Frameworks */ = {isa = PBXBuildFile; productRef = 45DF621C2BC3FAB300BCF0F9 /* FirebaseFirestore */; };
		45DF621F2BC3FAB300BCF0F9 /* FirebaseFirestoreCombine-Community in Frameworks */ = {isa = PBXBuildFile; productRef = 45DF621E2BC3FAB300BCF0F9 /* FirebaseFirestoreCombine-Community */; };
		45DF62212BC3FAB300BCF0F9 /* FirebaseFirestoreSwift in Frameworks */ = {isa = PBXBuildFile; productRef = 45DF62202BC3FAB300BCF0F9 /* FirebaseFirestoreSwift */; };
		45DF62232BC3FAB300BCF0F9 /* FirebaseStorage in Frameworks */ = {isa = PBXBuildFile; productRef = 45DF62222BC3FAB300BCF0F9 /* FirebaseStorage */; };
		45DF62252BC3FAB300BCF0F9 /* FirebaseStorageCombine-Community in Frameworks */ = {isa = PBXBuildFile; productRef = 45DF62242BC3FAB300BCF0F9 /* FirebaseStorageCombine-Community */; };
		45DF62272BC4029100BCF0F9 /* GoogleService-Info.plist in Resources */ = {isa = PBXBuildFile; fileRef = 45DF62262BC4029100BCF0F9 /* GoogleService-Info.plist */; };
		45F3A5832BDF80BF00E657B6 /* BloodCenters.swift in Sources */ = {isa = PBXBuildFile; fileRef = 45F3A5822BDF80BF00E657B6 /* BloodCenters.swift */; };
/* End PBXBuildFile section */

/* Begin PBXFileReference section */
		4532D6F72BBBFB7F00C6E4E4 /* CreateRequest.swift */ = {isa = PBXFileReference; lastKnownFileType = sourcecode.swift; path = CreateRequest.swift; sourceTree = "<group>"; };
		45389A8B2BBFE37100A04F45 /* RequestList.swift */ = {isa = PBXFileReference; lastKnownFileType = sourcecode.swift; path = RequestList.swift; sourceTree = "<group>"; };
		453AAD9C2BB81B1A00DC5024 /* Kanbulans.app */ = {isa = PBXFileReference; explicitFileType = wrapper.application; includeInIndex = 0; path = Kanbulans.app; sourceTree = BUILT_PRODUCTS_DIR; };
		453AAD9F2BB81B1A00DC5024 /* KanbulansApp.swift */ = {isa = PBXFileReference; lastKnownFileType = sourcecode.swift; path = KanbulansApp.swift; sourceTree = "<group>"; };
		453AADA32BB81B1C00DC5024 /* Assets.xcassets */ = {isa = PBXFileReference; lastKnownFileType = folder.assetcatalog; path = Assets.xcassets; sourceTree = "<group>"; };
		453AADA62BB81B1C00DC5024 /* Preview Assets.xcassets */ = {isa = PBXFileReference; lastKnownFileType = folder.assetcatalog; path = "Preview Assets.xcassets"; sourceTree = "<group>"; };
		453AADAD2BB81E0B00DC5024 /* OnBoardScreen.swift */ = {isa = PBXFileReference; lastKnownFileType = sourcecode.swift; path = OnBoardScreen.swift; sourceTree = "<group>"; };
		453AADAF2BB81EA000DC5024 /* LaunchScreen.storyboard */ = {isa = PBXFileReference; lastKnownFileType = file.storyboard; path = LaunchScreen.storyboard; sourceTree = "<group>"; };
		453AADB32BB835B700DC5024 /* Models.swift */ = {isa = PBXFileReference; lastKnownFileType = sourcecode.swift; path = Models.swift; sourceTree = "<group>"; };
		453AADB52BB83E1C00DC5024 /* HomeScreen.swift */ = {isa = PBXFileReference; lastKnownFileType = sourcecode.swift; path = HomeScreen.swift; sourceTree = "<group>"; };
		45A535092BD696580095E5C8 /* DonateInfo.swift */ = {isa = PBXFileReference; lastKnownFileType = sourcecode.swift; path = DonateInfo.swift; sourceTree = "<group>"; };
		45DF62262BC4029100BCF0F9 /* GoogleService-Info.plist */ = {isa = PBXFileReference; fileEncoding = 4; lastKnownFileType = text.plist.xml; path = "GoogleService-Info.plist"; sourceTree = "<group>"; };
		45F3A5822BDF80BF00E657B6 /* BloodCenters.swift */ = {isa = PBXFileReference; lastKnownFileType = sourcecode.swift; path = BloodCenters.swift; sourceTree = "<group>"; };
/* End PBXFileReference section */

/* Begin PBXFrameworksBuildPhase section */
		453AAD992BB81B1A00DC5024 /* Frameworks */ = {
			isa = PBXFrameworksBuildPhase;
			buildActionMask = 2147483647;
			files = (
				45DF621F2BC3FAB300BCF0F9 /* FirebaseFirestoreCombine-Community in Frameworks */,
				45DF621B2BC3FAB300BCF0F9 /* FirebaseDatabase in Frameworks */,
				45DF621D2BC3FAB300BCF0F9 /* FirebaseFirestore in Frameworks */,
				45DF62232BC3FAB300BCF0F9 /* FirebaseStorage in Frameworks */,
				45DF62252BC3FAB300BCF0F9 /* FirebaseStorageCombine-Community in Frameworks */,
				45DF62212BC3FAB300BCF0F9 /* FirebaseFirestoreSwift in Frameworks */,
			);
			runOnlyForDeploymentPostprocessing = 0;
		};
/* End PBXFrameworksBuildPhase section */

/* Begin PBXGroup section */
		453AAD932BB81B1A00DC5024 = {
			isa = PBXGroup;
			children = (
				453AAD9E2BB81B1A00DC5024 /* Kanbulans */,
				453AAD9D2BB81B1A00DC5024 /* Products */,
			);
			sourceTree = "<group>";
		};
		453AAD9D2BB81B1A00DC5024 /* Products */ = {
			isa = PBXGroup;
			children = (
				453AAD9C2BB81B1A00DC5024 /* Kanbulans.app */,
			);
			name = Products;
			sourceTree = "<group>";
		};
		453AAD9E2BB81B1A00DC5024 /* Kanbulans */ = {
			isa = PBXGroup;
			children = (
				453AAD9F2BB81B1A00DC5024 /* KanbulansApp.swift */,
				453AADB12BB8280800DC5024 /* ViewModels */,
				453AADAF2BB81EA000DC5024 /* LaunchScreen.storyboard */,
				453AADB22BB8281400DC5024 /* Views */,
				453AADA32BB81B1C00DC5024 /* Assets.xcassets */,
				45DF62262BC4029100BCF0F9 /* GoogleService-Info.plist */,
				453AADA52BB81B1C00DC5024 /* Preview Content */,
			);
			path = Kanbulans;
			sourceTree = "<group>";
		};
		453AADA52BB81B1C00DC5024 /* Preview Content */ = {
			isa = PBXGroup;
			children = (
				453AADA62BB81B1C00DC5024 /* Preview Assets.xcassets */,
			);
			path = "Preview Content";
			sourceTree = "<group>";
		};
		453AADB12BB8280800DC5024 /* ViewModels */ = {
			isa = PBXGroup;
			children = (
				453AADB32BB835B700DC5024 /* Models.swift */,
			);
			path = ViewModels;
			sourceTree = "<group>";
		};
		453AADB22BB8281400DC5024 /* Views */ = {
			isa = PBXGroup;
			children = (
				453AADAD2BB81E0B00DC5024 /* OnBoardScreen.swift */,
				453AADB52BB83E1C00DC5024 /* HomeScreen.swift */,
				45A535092BD696580095E5C8 /* DonateInfo.swift */,
				4532D6F72BBBFB7F00C6E4E4 /* CreateRequest.swift */,
				45389A8B2BBFE37100A04F45 /* RequestList.swift */,
				45F3A5822BDF80BF00E657B6 /* BloodCenters.swift */,
			);
			name = Views;
			sourceTree = "<group>";
		};
/* End PBXGroup section */

/* Begin PBXNativeTarget section */
		453AAD9B2BB81B1A00DC5024 /* Kanbulans */ = {
			isa = PBXNativeTarget;
			buildConfigurationList = 453AADAA2BB81B1C00DC5024 /* Build configuration list for PBXNativeTarget "Kanbulans" */;
			buildPhases = (
				453AAD982BB81B1A00DC5024 /* Sources */,
				453AAD992BB81B1A00DC5024 /* Frameworks */,
				453AAD9A2BB81B1A00DC5024 /* Resources */,
			);
			buildRules = (
			);
			dependencies = (
			);
			name = Kanbulans;
			packageProductDependencies = (
				45DF621A2BC3FAB300BCF0F9 /* FirebaseDatabase */,
				45DF621C2BC3FAB300BCF0F9 /* FirebaseFirestore */,
				45DF621E2BC3FAB300BCF0F9 /* FirebaseFirestoreCombine-Community */,
				45DF62202BC3FAB300BCF0F9 /* FirebaseFirestoreSwift */,
				45DF62222BC3FAB300BCF0F9 /* FirebaseStorage */,
				45DF62242BC3FAB300BCF0F9 /* FirebaseStorageCombine-Community */,
			);
			productName = Kanbulans;
			productReference = 453AAD9C2BB81B1A00DC5024 /* Kanbulans.app */;
			productType = "com.apple.product-type.application";
		};
/* End PBXNativeTarget section */

/* Begin PBXProject section */
		453AAD942BB81B1A00DC5024 /* Project object */ = {
			isa = PBXProject;
			attributes = {
				BuildIndependentTargetsInParallel = 1;
				LastSwiftUpdateCheck = 1430;
				LastUpgradeCheck = 1430;
				TargetAttributes = {
					453AAD9B2BB81B1A00DC5024 = {
						CreatedOnToolsVersion = 14.3.1;
					};
				};
			};
			buildConfigurationList = 453AAD972BB81B1A00DC5024 /* Build configuration list for PBXProject "Kanbulans" */;
			compatibilityVersion = "Xcode 14.0";
			developmentRegion = en;
			hasScannedForEncodings = 0;
			knownRegions = (
				en,
				Base,
			);
			mainGroup = 453AAD932BB81B1A00DC5024;
			packageReferences = (
				45DF62192BC3FAB300BCF0F9 /* XCRemoteSwiftPackageReference "firebase-ios-sdk" */,
			);
			productRefGroup = 453AAD9D2BB81B1A00DC5024 /* Products */;
			projectDirPath = "";
			projectRoot = "";
			targets = (
				453AAD9B2BB81B1A00DC5024 /* Kanbulans */,
			);
		};
/* End PBXProject section */

/* Begin PBXResourcesBuildPhase section */
		453AAD9A2BB81B1A00DC5024 /* Resources */ = {
			isa = PBXResourcesBuildPhase;
			buildActionMask = 2147483647;
			files = (
				453AADB02BB81EA000DC5024 /* LaunchScreen.storyboard in Resources */,
				45DF62272BC4029100BCF0F9 /* GoogleService-Info.plist in Resources */,
				453AADA72BB81B1C00DC5024 /* Preview Assets.xcassets in Resources */,
				453AADA42BB81B1C00DC5024 /* Assets.xcassets in Resources */,
			);
			runOnlyForDeploymentPostprocessing = 0;
		};
/* End PBXResourcesBuildPhase section */

/* Begin PBXSourcesBuildPhase section */
		453AAD982BB81B1A00DC5024 /* Sources */ = {
			isa = PBXSourcesBuildPhase;
			buildActionMask = 2147483647;
			files = (
				45389A8C2BBFE37100A04F45 /* RequestList.swift in Sources */,
				45F3A5832BDF80BF00E657B6 /* BloodCenters.swift in Sources */,
				453AADB62BB83E1C00DC5024 /* HomeScreen.swift in Sources */,
				453AADA02BB81B1A00DC5024 /* KanbulansApp.swift in Sources */,
				4532D6F82BBBFB7F00C6E4E4 /* CreateRequest.swift in Sources */,
				453AADAE2BB81E0B00DC5024 /* OnBoardScreen.swift in Sources */,
				453AADB42BB835B700DC5024 /* Models.swift in Sources */,
				45A5350A2BD696580095E5C8 /* DonateInfo.swift in Sources */,
			);
			runOnlyForDeploymentPostprocessing = 0;
		};
/* End PBXSourcesBuildPhase section */

/* Begin XCBuildConfiguration section */
		453AADA82BB81B1C00DC5024 /* Debug */ = {
			isa = XCBuildConfiguration;
			buildSettings = {
				ALWAYS_SEARCH_USER_PATHS = NO;
				CLANG_ANALYZER_NONNULL = YES;
				CLANG_ANALYZER_NUMBER_OBJECT_CONVERSION = YES_AGGRESSIVE;
				CLANG_CXX_LANGUAGE_STANDARD = "gnu++20";
				CLANG_ENABLE_MODULES = YES;
				CLANG_ENABLE_OBJC_ARC = YES;
				CLANG_ENABLE_OBJC_WEAK = YES;
				CLANG_WARN_BLOCK_CAPTURE_AUTORELEASING = YES;
				CLANG_WARN_BOOL_CONVERSION = YES;
				CLANG_WARN_COMMA = YES;
				CLANG_WARN_CONSTANT_CONVERSION = YES;
				CLANG_WARN_DEPRECATED_OBJC_IMPLEMENTATIONS = YES;
				CLANG_WARN_DIRECT_OBJC_ISA_USAGE = YES_ERROR;
				CLANG_WARN_DOCUMENTATION_COMMENTS = YES;
				CLANG_WARN_EMPTY_BODY = YES;
				CLANG_WARN_ENUM_CONVERSION = YES;
				CLANG_WARN_INFINITE_RECURSION = YES;
				CLANG_WARN_INT_CONVERSION = YES;
				CLANG_WARN_NON_LITERAL_NULL_CONVERSION = YES;
				CLANG_WARN_OBJC_IMPLICIT_RETAIN_SELF = YES;
				CLANG_WARN_OBJC_LITERAL_CONVERSION = YES;
				CLANG_WARN_OBJC_ROOT_CLASS = YES_ERROR;
				CLANG_WARN_QUOTED_INCLUDE_IN_FRAMEWORK_HEADER = YES;
				CLANG_WARN_RANGE_LOOP_ANALYSIS = YES;
				CLANG_WARN_STRICT_PROTOTYPES = YES;
				CLANG_WARN_SUSPICIOUS_MOVE = YES;
				CLANG_WARN_UNGUARDED_AVAILABILITY = YES_AGGRESSIVE;
				CLANG_WARN_UNREACHABLE_CODE = YES;
				CLANG_WARN__DUPLICATE_METHOD_MATCH = YES;
				COPY_PHASE_STRIP = NO;
				DEBUG_INFORMATION_FORMAT = dwarf;
				ENABLE_STRICT_OBJC_MSGSEND = YES;
				ENABLE_TESTABILITY = YES;
				GCC_C_LANGUAGE_STANDARD = gnu11;
				GCC_DYNAMIC_NO_PIC = NO;
				GCC_NO_COMMON_BLOCKS = YES;
				GCC_OPTIMIZATION_LEVEL = 0;
				GCC_PREPROCESSOR_DEFINITIONS = (
					"DEBUG=1",
					"$(inherited)",
				);
				GCC_WARN_64_TO_32_BIT_CONVERSION = YES;
				GCC_WARN_ABOUT_RETURN_TYPE = YES_ERROR;
				GCC_WARN_UNDECLARED_SELECTOR = YES;
				GCC_WARN_UNINITIALIZED_AUTOS = YES_AGGRESSIVE;
				GCC_WARN_UNUSED_FUNCTION = YES;
				GCC_WARN_UNUSED_VARIABLE = YES;
				IPHONEOS_DEPLOYMENT_TARGET = 16.4;
				MTL_ENABLE_DEBUG_INFO = INCLUDE_SOURCE;
				MTL_FAST_MATH = YES;
				ONLY_ACTIVE_ARCH = YES;
				SDKROOT = iphoneos;
				SWIFT_ACTIVE_COMPILATION_CONDITIONS = DEBUG;
				SWIFT_OPTIMIZATION_LEVEL = "-Onone";
			};
			name = Debug;
		};
		453AADA92BB81B1C00DC5024 /* Release */ = {
			isa = XCBuildConfiguration;
			buildSettings = {
				ALWAYS_SEARCH_USER_PATHS = NO;
				CLANG_ANALYZER_NONNULL = YES;
				CLANG_ANALYZER_NUMBER_OBJECT_CONVERSION = YES_AGGRESSIVE;
				CLANG_CXX_LANGUAGE_STANDARD = "gnu++20";
				CLANG_ENABLE_MODULES = YES;
				CLANG_ENABLE_OBJC_ARC = YES;
				CLANG_ENABLE_OBJC_WEAK = YES;
				CLANG_WARN_BLOCK_CAPTURE_AUTORELEASING = YES;
				CLANG_WARN_BOOL_CONVERSION = YES;
				CLANG_WARN_COMMA = YES;
				CLANG_WARN_CONSTANT_CONVERSION = YES;
				CLANG_WARN_DEPRECATED_OBJC_IMPLEMENTATIONS = YES;
				CLANG_WARN_DIRECT_OBJC_ISA_USAGE = YES_ERROR;
				CLANG_WARN_DOCUMENTATION_COMMENTS = YES;
				CLANG_WARN_EMPTY_BODY = YES;
				CLANG_WARN_ENUM_CONVERSION = YES;
				CLANG_WARN_INFINITE_RECURSION = YES;
				CLANG_WARN_INT_CONVERSION = YES;
				CLANG_WARN_NON_LITERAL_NULL_CONVERSION = YES;
				CLANG_WARN_OBJC_IMPLICIT_RETAIN_SELF = YES;
				CLANG_WARN_OBJC_LITERAL_CONVERSION = YES;
				CLANG_WARN_OBJC_ROOT_CLASS = YES_ERROR;
				CLANG_WARN_QUOTED_INCLUDE_IN_FRAMEWORK_HEADER = YES;
				CLANG_WARN_RANGE_LOOP_ANALYSIS = YES;
				CLANG_WARN_STRICT_PROTOTYPES = YES;
				CLANG_WARN_SUSPICIOUS_MOVE = YES;
				CLANG_WARN_UNGUARDED_AVAILABILITY = YES_AGGRESSIVE;
				CLANG_WARN_UNREACHABLE_CODE = YES;
				CLANG_WARN__DUPLICATE_METHOD_MATCH = YES;
				COPY_PHASE_STRIP = NO;
				DEBUG_INFORMATION_FORMAT = "dwarf-with-dsym";
				ENABLE_NS_ASSERTIONS = NO;
				ENABLE_STRICT_OBJC_MSGSEND = YES;
				GCC_C_LANGUAGE_STANDARD = gnu11;
				GCC_NO_COMMON_BLOCKS = YES;
				GCC_WARN_64_TO_32_BIT_CONVERSION = YES;
				GCC_WARN_ABOUT_RETURN_TYPE = YES_ERROR;
				GCC_WARN_UNDECLARED_SELECTOR = YES;
				GCC_WARN_UNINITIALIZED_AUTOS = YES_AGGRESSIVE;
				GCC_WARN_UNUSED_FUNCTION = YES;
				GCC_WARN_UNUSED_VARIABLE = YES;
				IPHONEOS_DEPLOYMENT_TARGET = 16.4;
				MTL_ENABLE_DEBUG_INFO = NO;
				MTL_FAST_MATH = YES;
				SDKROOT = iphoneos;
				SWIFT_COMPILATION_MODE = wholemodule;
				SWIFT_OPTIMIZATION_LEVEL = "-O";
				VALIDATE_PRODUCT = YES;
			};
			name = Release;
		};
		453AADAB2BB81B1C00DC5024 /* Debug */ = {
			isa = XCBuildConfiguration;
			buildSettings = {
				ASSETCATALOG_COMPILER_APPICON_NAME = AppIcon;
				ASSETCATALOG_COMPILER_GLOBAL_ACCENT_COLOR_NAME = AccentColor;
				CODE_SIGN_STYLE = Automatic;
				CURRENT_PROJECT_VERSION = 1;
				DEVELOPMENT_ASSET_PATHS = "\"Kanbulans/Preview Content\"";
				ENABLE_PREVIEWS = YES;
				GENERATE_INFOPLIST_FILE = YES;
				INFOPLIST_KEY_UIApplicationSceneManifest_Generation = YES;
				INFOPLIST_KEY_UIApplicationSupportsIndirectInputEvents = YES;
				INFOPLIST_KEY_UILaunchScreen_Generation = YES;
				INFOPLIST_KEY_UILaunchStoryboardName = LaunchScreen.storyboard;
				INFOPLIST_KEY_UISupportedInterfaceOrientations_iPad = "UIInterfaceOrientationPortrait UIInterfaceOrientationPortraitUpsideDown UIInterfaceOrientationLandscapeLeft UIInterfaceOrientationLandscapeRight";
				INFOPLIST_KEY_UISupportedInterfaceOrientations_iPhone = "UIInterfaceOrientationPortrait UIInterfaceOrientationLandscapeLeft UIInterfaceOrientationLandscapeRight";
				LD_RUNPATH_SEARCH_PATHS = (
					"$(inherited)",
					"@executable_path/Frameworks",
				);
				MARKETING_VERSION = 1.0;
				PRODUCT_BUNDLE_IDENTIFIER = info.Kanbulans;
				PRODUCT_NAME = "$(TARGET_NAME)";
				SWIFT_EMIT_LOC_STRINGS = YES;
				SWIFT_VERSION = 5.0;
				TARGETED_DEVICE_FAMILY = "1,2";
			};
			name = Debug;
		};
		453AADAC2BB81B1C00DC5024 /* Release */ = {
			isa = XCBuildConfiguration;
			buildSettings = {
				ASSETCATALOG_COMPILER_APPICON_NAME = AppIcon;
				ASSETCATALOG_COMPILER_GLOBAL_ACCENT_COLOR_NAME = AccentColor;
				CODE_SIGN_STYLE = Automatic;
				CURRENT_PROJECT_VERSION = 1;
				DEVELOPMENT_ASSET_PATHS = "\"Kanbulans/Preview Content\"";
				ENABLE_PREVIEWS = YES;
				GENERATE_INFOPLIST_FILE = YES;
				INFOPLIST_KEY_UIApplicationSceneManifest_Generation = YES;
				INFOPLIST_KEY_UIApplicationSupportsIndirectInputEvents = YES;
				INFOPLIST_KEY_UILaunchScreen_Generation = YES;
				INFOPLIST_KEY_UILaunchStoryboardName = LaunchScreen.storyboard;
				INFOPLIST_KEY_UISupportedInterfaceOrientations_iPad = "UIInterfaceOrientationPortrait UIInterfaceOrientationPortraitUpsideDown UIInterfaceOrientationLandscapeLeft UIInterfaceOrientationLandscapeRight";
				INFOPLIST_KEY_UISupportedInterfaceOrientations_iPhone = "UIInterfaceOrientationPortrait UIInterfaceOrientationLandscapeLeft UIInterfaceOrientationLandscapeRight";
				LD_RUNPATH_SEARCH_PATHS = (
					"$(inherited)",
					"@executable_path/Frameworks",
				);
				MARKETING_VERSION = 1.0;
				PRODUCT_BUNDLE_IDENTIFIER = info.Kanbulans;
				PRODUCT_NAME = "$(TARGET_NAME)";
				SWIFT_EMIT_LOC_STRINGS = YES;
				SWIFT_VERSION = 5.0;
				TARGETED_DEVICE_FAMILY = "1,2";
			};
			name = Release;
		};
/* End XCBuildConfiguration section */

/* Begin XCConfigurationList section */
		453AAD972BB81B1A00DC5024 /* Build configuration list for PBXProject "Kanbulans" */ = {
			isa = XCConfigurationList;
			buildConfigurations = (
				453AADA82BB81B1C00DC5024 /* Debug */,
				453AADA92BB81B1C00DC5024 /* Release */,
			);
			defaultConfigurationIsVisible = 0;
			defaultConfigurationName = Release;
		};
		453AADAA2BB81B1C00DC5024 /* Build configuration list for PBXNativeTarget "Kanbulans" */ = {
			isa = XCConfigurationList;
			buildConfigurations = (
				453AADAB2BB81B1C00DC5024 /* Debug */,
				453AADAC2BB81B1C00DC5024 /* Release */,
			);
			defaultConfigurationIsVisible = 0;
			defaultConfigurationName = Release;
		};
/* End XCConfigurationList section */

/* Begin XCRemoteSwiftPackageReference section */
		45DF62192BC3FAB300BCF0F9 /* XCRemoteSwiftPackageReference "firebase-ios-sdk" */ = {
			isa = XCRemoteSwiftPackageReference;
			repositoryURL = "https://github.com/firebase/firebase-ios-sdk";
			requirement = {
				kind = upToNextMajorVersion;
				minimumVersion = 10.0.0;
			};
		};
/* End XCRemoteSwiftPackageReference section */

/* Begin XCSwiftPackageProductDependency section */
		45DF621A2BC3FAB300BCF0F9 /* FirebaseDatabase */ = {
			isa = XCSwiftPackageProductDependency;
			package = 45DF62192BC3FAB300BCF0F9 /* XCRemoteSwiftPackageReference "firebase-ios-sdk" */;
			productName = FirebaseDatabase;
		};
		45DF621C2BC3FAB300BCF0F9 /* FirebaseFirestore */ = {
			isa = XCSwiftPackageProductDependency;
			package = 45DF62192BC3FAB300BCF0F9 /* XCRemoteSwiftPackageReference "firebase-ios-sdk" */;
			productName = FirebaseFirestore;
		};
		45DF621E2BC3FAB300BCF0F9 /* FirebaseFirestoreCombine-Community */ = {
			isa = XCSwiftPackageProductDependency;
			package = 45DF62192BC3FAB300BCF0F9 /* XCRemoteSwiftPackageReference "firebase-ios-sdk" */;
			productName = "FirebaseFirestoreCombine-Community";
		};
		45DF62202BC3FAB300BCF0F9 /* FirebaseFirestoreSwift */ = {
			isa = XCSwiftPackageProductDependency;
			package = 45DF62192BC3FAB300BCF0F9 /* XCRemoteSwiftPackageReference "firebase-ios-sdk" */;
			productName = FirebaseFirestoreSwift;
		};
		45DF62222BC3FAB300BCF0F9 /* FirebaseStorage */ = {
			isa = XCSwiftPackageProductDependency;
			package = 45DF62192BC3FAB300BCF0F9 /* XCRemoteSwiftPackageReference "firebase-ios-sdk" */;
			productName = FirebaseStorage;
		};
		45DF62242BC3FAB300BCF0F9 /* FirebaseStorageCombine-Community */ = {
			isa = XCSwiftPackageProductDependency;
			package = 45DF62192BC3FAB300BCF0F9 /* XCRemoteSwiftPackageReference "firebase-ios-sdk" */;
			productName = "FirebaseStorageCombine-Community";
		};
/* End XCSwiftPackageProductDependency section */
	};
	rootObject = 453AAD942BB81B1A00DC5024 /* Project object */;
}
